
Microsoft Visual Studio Solution File, Format Version 12.00
# Visual Studio Version 17
VisualStudioVersion = 17.2.32616.157
MinimumVisualStudioVersion = 10.0.40219.1
Project("{FAE04EC0-301F-11D3-BF4B-00C04F79EFBC}") = "Imperative.AutoDI", "Imperative.AutoDI\Imperative.AutoDI.csproj", "{B27E9BDE-E849-499E-ADBD-BA2848665055}"
EndProject
Global
	GlobalSection(SolutionConfigurationPlatforms) = preSolution
		Debug|Any CPU = Debug|Any CPU
		Release|Any CPU = Release|Any CPU
	EndGlobalSection
	GlobalSection(ProjectConfigurationPlatforms) = postSolution
		{B27E9BDE-E849-499E-ADBD-BA2848665055}.Debug|Any CPU.ActiveCfg = Debug|Any CPU
		{B27E9BDE-E849-499E-ADBD-BA2848665055}.Debug|Any CPU.Build.0 = Debug|Any CPU
		{B27E9BDE-E849-499E-ADBD-BA2848665055}.Release|Any CPU.ActiveCfg = Release|Any CPU
		{B27E9BDE-E849-499E-ADBD-BA2848665055}.Release|Any CPU.Build.0 = Release|Any CPU
	EndGlobalSection
	GlobalSection(SolutionProperties) = preSolution
		HideSolutionNode = FALSE
	EndGlobalSection
	GlobalSection(ExtensibilityGlobals) = postSolution
		SolutionGuid = {30E35E99-9BDA-4A9F-8414-DEE8A08DA7FB}
	EndGlobalSection
EndGlobal
